// !$*UTF8*$!
{
	archiveVersion = 1;
	classes = {
	};
	objectVersion = 55;
	objects = {

/* Begin PBXBuildFile section */
		14CFEB52435E7CDFC1630DC0 /* Pods_FinalPrep.framework in Frameworks */ = {isa = PBXBuildFile; fileRef = 0F54EA9C98929A40EB292B93 /* Pods_FinalPrep.framework */; };
		D0862D9C2768233E00A54434 /* FinalPrepApp.swift in Sources */ = {isa = PBXBuildFile; fileRef = D0862D9B2768233E00A54434 /* FinalPrepApp.swift */; };
		D0862D9E2768233E00A54434 /* ApplicantTracker.swift in Sources */ = {isa = PBXBuildFile; fileRef = D0862D9D2768233E00A54434 /* ApplicantTracker.swift */; };
		D0862DA02768234200A54434 /* Assets.xcassets in Resources */ = {isa = PBXBuildFile; fileRef = D0862D9F2768234200A54434 /* Assets.xcassets */; };
		D0862DA32768234200A54434 /* Preview Assets.xcassets in Resources */ = {isa = PBXBuildFile; fileRef = D0862DA22768234200A54434 /* Preview Assets.xcassets */; };
		D0862DAB2768279F00A54434 /* ApplicantDatabase.swift in Sources */ = {isa = PBXBuildFile; fileRef = D0862DAA2768279F00A54434 /* ApplicantDatabase.swift */; };
		D0862DAE2768306400A54434 /* Applicant.swift in Sources */ = {isa = PBXBuildFile; fileRef = D0862DAD2768306400A54434 /* Applicant.swift */; };
		D0862DB0276832BF00A54434 /* DatabaseHelper.swift in Sources */ = {isa = PBXBuildFile; fileRef = D0862DAF276832BF00A54434 /* DatabaseHelper.swift */; };
		D0862DB427683C2600A54434 /* ApplicantViewModel.swift in Sources */ = {isa = PBXBuildFile; fileRef = D0862DB327683C2600A54434 /* ApplicantViewModel.swift */; };
		D0862DB927683FF000A54434 /* AddApplicant.swift in Sources */ = {isa = PBXBuildFile; fileRef = D0862DB827683FF000A54434 /* AddApplicant.swift */; };
		D0862DBF2768403500A54434 /* ApplicantView.swift in Sources */ = {isa = PBXBuildFile; fileRef = D0862DBE2768403500A54434 /* ApplicantView.swift */; };
		D0862DC12768404F00A54434 /* ApplicantListView.swift in Sources */ = {isa = PBXBuildFile; fileRef = D0862DC02768404F00A54434 /* ApplicantListView.swift */; };
/* End PBXBuildFile section */

/* Begin PBXFileReference section */
		0F54EA9C98929A40EB292B93 /* Pods_FinalPrep.framework */ = {isa = PBXFileReference; explicitFileType = wrapper.framework; includeInIndex = 0; path = Pods_FinalPrep.framework; sourceTree = BUILT_PRODUCTS_DIR; };
		4A4EAB4A5E6B6D064F270C82 /* Pods-FinalPrep.release.xcconfig */ = {isa = PBXFileReference; includeInIndex = 1; lastKnownFileType = text.xcconfig; name = "Pods-FinalPrep.release.xcconfig"; path = "Target Support Files/Pods-FinalPrep/Pods-FinalPrep.release.xcconfig"; sourceTree = "<group>"; };
		D0862D982768233E00A54434 /* FinalPrep.app */ = {isa = PBXFileReference; explicitFileType = wrapper.application; includeInIndex = 0; path = FinalPrep.app; sourceTree = BUILT_PRODUCTS_DIR; };
		D0862D9B2768233E00A54434 /* FinalPrepApp.swift */ = {isa = PBXFileReference; lastKnownFileType = sourcecode.swift; path = FinalPrepApp.swift; sourceTree = "<group>"; };
		D0862D9D2768233E00A54434 /* ApplicantTracker.swift */ = {isa = PBXFileReference; lastKnownFileType = sourcecode.swift; path = ApplicantTracker.swift; sourceTree = "<group>"; };
		D0862D9F2768234200A54434 /* Assets.xcassets */ = {isa = PBXFileReference; lastKnownFileType = folder.assetcatalog; path = Assets.xcassets; sourceTree = "<group>"; };
		D0862DA22768234200A54434 /* Preview Assets.xcassets */ = {isa = PBXFileReference; lastKnownFileType = folder.assetcatalog; path = "Preview Assets.xcassets"; sourceTree = "<group>"; };
		D0862DAA2768279F00A54434 /* ApplicantDatabase.swift */ = {isa = PBXFileReference; lastKnownFileType = sourcecode.swift; path = ApplicantDatabase.swift; sourceTree = "<group>"; };
		D0862DAD2768306400A54434 /* Applicant.swift */ = {isa = PBXFileReference; lastKnownFileType = sourcecode.swift; path = Applicant.swift; sourceTree = "<group>"; };
		D0862DAF276832BF00A54434 /* DatabaseHelper.swift */ = {isa = PBXFileReference; lastKnownFileType = sourcecode.swift; path = DatabaseHelper.swift; sourceTree = "<group>"; };
		D0862DB327683C2600A54434 /* ApplicantViewModel.swift */ = {isa = PBXFileReference; lastKnownFileType = sourcecode.swift; path = ApplicantViewModel.swift; sourceTree = "<group>"; };
		D0862DB827683FF000A54434 /* AddApplicant.swift */ = {isa = PBXFileReference; lastKnownFileType = sourcecode.swift; path = AddApplicant.swift; sourceTree = "<group>"; };
		D0862DBE2768403500A54434 /* ApplicantView.swift */ = {isa = PBXFileReference; lastKnownFileType = sourcecode.swift; path = ApplicantView.swift; sourceTree = "<group>"; };
		D0862DC02768404F00A54434 /* ApplicantListView.swift */ = {isa = PBXFileReference; lastKnownFileType = sourcecode.swift; path = ApplicantListView.swift; sourceTree = "<group>"; };
		F383F044E2ED40AC798E5C20 /* Pods-FinalPrep.debug.xcconfig */ = {isa = PBXFileReference; includeInIndex = 1; lastKnownFileType = text.xcconfig; name = "Pods-FinalPrep.debug.xcconfig"; path = "Target Support Files/Pods-FinalPrep/Pods-FinalPrep.debug.xcconfig"; sourceTree = "<group>"; };
/* End PBXFileReference section */

/* Begin PBXFrameworksBuildPhase section */
		D0862D952768233E00A54434 /* Frameworks */ = {
			isa = PBXFrameworksBuildPhase;
			buildActionMask = 2147483647;
			files = (
				14CFEB52435E7CDFC1630DC0 /* Pods_FinalPrep.framework in Frameworks */,
			);
			runOnlyForDeploymentPostprocessing = 0;
		};
/* End PBXFrameworksBuildPhase section */

/* Begin PBXGroup section */
		4474C3562C42DC72636A45F2 /* Pods */ = {
			isa = PBXGroup;
			children = (
				F383F044E2ED40AC798E5C20 /* Pods-FinalPrep.debug.xcconfig */,
				4A4EAB4A5E6B6D064F270C82 /* Pods-FinalPrep.release.xcconfig */,
			);
			path = Pods;
			sourceTree = "<group>";
		};
		70B082EECB3BE4D5736FF16C /* Frameworks */ = {
			isa = PBXGroup;
			children = (
				0F54EA9C98929A40EB292B93 /* Pods_FinalPrep.framework */,
			);
			name = Frameworks;
			sourceTree = "<group>";
		};
		D0862D8F2768233E00A54434 = {
			isa = PBXGroup;
			children = (
				D0862D9A2768233E00A54434 /* FinalPrep */,
				D0862D992768233E00A54434 /* Products */,
				4474C3562C42DC72636A45F2 /* Pods */,
				70B082EECB3BE4D5736FF16C /* Frameworks */,
			);
			sourceTree = "<group>";
		};
		D0862D992768233E00A54434 /* Products */ = {
			isa = PBXGroup;
			children = (
				D0862D982768233E00A54434 /* FinalPrep.app */,
			);
			name = Products;
			sourceTree = "<group>";
		};
		D0862D9A2768233E00A54434 /* FinalPrep */ = {
			isa = PBXGroup;
			children = (
				D0862DA92768278B00A54434 /* Model */,
				D0862DB127683B5200A54434 /* View */,
				D0862DB227683B5A00A54434 /* View Model */,
				D0862D9F2768234200A54434 /* Assets.xcassets */,
				D0862DA12768234200A54434 /* Preview Content */,
			);
			path = FinalPrep;
			sourceTree = "<group>";
		};
		D0862DA12768234200A54434 /* Preview Content */ = {
			isa = PBXGroup;
			children = (
				D0862DA22768234200A54434 /* Preview Assets.xcassets */,
			);
			path = "Preview Content";
			sourceTree = "<group>";
		};
		D0862DA92768278B00A54434 /* Model */ = {
			isa = PBXGroup;
			children = (
				D0862DAA2768279F00A54434 /* ApplicantDatabase.swift */,
				D0862DAF276832BF00A54434 /* DatabaseHelper.swift */,
				D0862DAC276827A500A54434 /* Tables */,
			);
			name = Model;
			sourceTree = "<group>";
		};
		D0862DAC276827A500A54434 /* Tables */ = {
			isa = PBXGroup;
			children = (
				D0862DAD2768306400A54434 /* Applicant.swift */,
			);
			name = Tables;
			sourceTree = "<group>";
		};
		D0862DB127683B5200A54434 /* View */ = {
			isa = PBXGroup;
			children = (
				D0862DB527683FB500A54434 /* Navigation and Screens */,
				D0862D9B2768233E00A54434 /* FinalPrepApp.swift */,
				D0862D9D2768233E00A54434 /* ApplicantTracker.swift */,
			);
			name = View;
			sourceTree = "<group>";
		};
		D0862DB227683B5A00A54434 /* View Model */ = {
			isa = PBXGroup;
			children = (
				D0862DB327683C2600A54434 /* ApplicantViewModel.swift */,
			);
			name = "View Model";
			sourceTree = "<group>";
		};
		D0862DB527683FB500A54434 /* Navigation and Screens */ = {
			isa = PBXGroup;
			children = (
				D0862DC02768404F00A54434 /* ApplicantListView.swift */,
				D0862DBE2768403500A54434 /* ApplicantView.swift */,
				D0862DB827683FF000A54434 /* AddApplicant.swift */,
			);
			path = "Navigation and Screens";
			sourceTree = "<group>";
		};
/* End PBXGroup section */

/* Begin PBXNativeTarget section */
		D0862D972768233E00A54434 /* FinalPrep */ = {
			isa = PBXNativeTarget;
			buildConfigurationList = D0862DA62768234200A54434 /* Build configuration list for PBXNativeTarget "FinalPrep" */;
			buildPhases = (
				7C241B8D8BCF37CCB77B673A /* [CP] Check Pods Manifest.lock */,
				D0862D942768233E00A54434 /* Sources */,
				D0862D952768233E00A54434 /* Frameworks */,
				D0862D962768233E00A54434 /* Resources */,
				F2E5E20399075D3A1E90CD47 /* [CP] Embed Pods Frameworks */,
			);
			buildRules = (
			);
			dependencies = (
			);
			name = FinalPrep;
			productName = FinalPrep;
			productReference = D0862D982768233E00A54434 /* FinalPrep.app */;
			productType = "com.apple.product-type.application";
		};
/* End PBXNativeTarget section */

/* Begin PBXProject section */
		D0862D902768233E00A54434 /* Project object */ = {
			isa = PBXProject;
			attributes = {
				BuildIndependentTargetsInParallel = 1;
				LastSwiftUpdateCheck = 1300;
				LastUpgradeCheck = 1300;
				TargetAttributes = {
					D0862D972768233E00A54434 = {
						CreatedOnToolsVersion = 13.0;
					};
				};
			};
			buildConfigurationList = D0862D932768233E00A54434 /* Build configuration list for PBXProject "FinalPrep" */;
			compatibilityVersion = "Xcode 13.0";
			developmentRegion = en;
			hasScannedForEncodings = 0;
			knownRegions = (
				en,
				Base,
			);
			mainGroup = D0862D8F2768233E00A54434;
			productRefGroup = D0862D992768233E00A54434 /* Products */;
			projectDirPath = "";
			projectRoot = "";
			targets = (
				D0862D972768233E00A54434 /* FinalPrep */,
			);
		};
/* End PBXProject section */

/* Begin PBXResourcesBuildPhase section */
		D0862D962768233E00A54434 /* Resources */ = {
			isa = PBXResourcesBuildPhase;
			buildActionMask = 2147483647;
			files = (
				D0862DA32768234200A54434 /* Preview Assets.xcassets in Resources */,
				D0862DA02768234200A54434 /* Assets.xcassets in Resources */,
			);
			runOnlyForDeploymentPostprocessing = 0;
		};
/* End PBXResourcesBuildPhase section */

/* Begin PBXShellScriptBuildPhase section */
		7C241B8D8BCF37CCB77B673A /* [CP] Check Pods Manifest.lock */ = {
			isa = PBXShellScriptBuildPhase;
			buildActionMask = 2147483647;
			files = (
			);
			inputFileListPaths = (
			);
			inputPaths = (
				"${PODS_PODFILE_DIR_PATH}/Podfile.lock",
				"${PODS_ROOT}/Manifest.lock",
			);
			name = "[CP] Check Pods Manifest.lock";
			outputFileListPaths = (
			);
			outputPaths = (
				"$(DERIVED_FILE_DIR)/Pods-FinalPrep-checkManifestLockResult.txt",
			);
			runOnlyForDeploymentPostprocessing = 0;
			shellPath = /bin/sh;
			shellScript = "diff \"${PODS_PODFILE_DIR_PATH}/Podfile.lock\" \"${PODS_ROOT}/Manifest.lock\" > /dev/null\nif [ $? != 0 ] ; then\n    # print error to STDERR\n    echo \"error: The sandbox is not in sync with the Podfile.lock. Run 'pod install' or update your CocoaPods installation.\" >&2\n    exit 1\nfi\n# This output is used by Xcode 'outputs' to avoid re-running this script phase.\necho \"SUCCESS\" > \"${SCRIPT_OUTPUT_FILE_0}\"\n";
			showEnvVarsInLog = 0;
		};
		F2E5E20399075D3A1E90CD47 /* [CP] Embed Pods Frameworks */ = {
			isa = PBXShellScriptBuildPhase;
			buildActionMask = 2147483647;
			files = (
			);
			inputFileListPaths = (
				"${PODS_ROOT}/Target Support Files/Pods-FinalPrep/Pods-FinalPrep-frameworks-${CONFIGURATION}-input-files.xcfilelist",
			);
			name = "[CP] Embed Pods Frameworks";
			outputFileListPaths = (
				"${PODS_ROOT}/Target Support Files/Pods-FinalPrep/Pods-FinalPrep-frameworks-${CONFIGURATION}-output-files.xcfilelist",
			);
			runOnlyForDeploymentPostprocessing = 0;
			shellPath = /bin/sh;
			shellScript = "\"${PODS_ROOT}/Target Support Files/Pods-FinalPrep/Pods-FinalPrep-frameworks.sh\"\n";
			showEnvVarsInLog = 0;
		};
/* End PBXShellScriptBuildPhase section */

/* Begin PBXSourcesBuildPhase section */
		D0862D942768233E00A54434 /* Sources */ = {
			isa = PBXSourcesBuildPhase;
			buildActionMask = 2147483647;
			files = (
				D0862D9E2768233E00A54434 /* ApplicantTracker.swift in Sources */,
				D0862DB427683C2600A54434 /* ApplicantViewModel.swift in Sources */,
				D0862DC12768404F00A54434 /* ApplicantListView.swift in Sources */,
				D0862DB927683FF000A54434 /* AddApplicant.swift in Sources */,
				D0862DB0276832BF00A54434 /* DatabaseHelper.swift in Sources */,
				D0862D9C2768233E00A54434 /* FinalPrepApp.swift in Sources */,
				D0862DAE2768306400A54434 /* Applicant.swift in Sources */,
				D0862DBF2768403500A54434 /* ApplicantView.swift in Sources */,
				D0862DAB2768279F00A54434 /* ApplicantDatabase.swift in Sources */,
			);
			runOnlyForDeploymentPostprocessing = 0;
		};
/* End PBXSourcesBuildPhase section */

/* Begin XCBuildConfiguration section */
		D0862DA42768234200A54434 /* Debug */ = {
			isa = XCBuildConfiguration;
			buildSettings = {
				ALWAYS_SEARCH_USER_PATHS = NO;
				CLANG_ANALYZER_NONNULL = YES;
				CLANG_ANALYZER_NUMBER_OBJECT_CONVERSION = YES_AGGRESSIVE;
				CLANG_CXX_LANGUAGE_STANDARD = "gnu++17";
				CLANG_CXX_LIBRARY = "libc++";
				CLANG_ENABLE_MODULES = YES;
				CLANG_ENABLE_OBJC_ARC = YES;
				CLANG_ENABLE_OBJC_WEAK = YES;
				CLANG_WARN_BLOCK_CAPTURE_AUTORELEASING = YES;
				CLANG_WARN_BOOL_CONVERSION = YES;
				CLANG_WARN_COMMA = YES;
				CLANG_WARN_CONSTANT_CONVERSION = YES;
				CLANG_WARN_DEPRECATED_OBJC_IMPLEMENTATIONS = YES;
				CLANG_WARN_DIRECT_OBJC_ISA_USAGE = YES_ERROR;
				CLANG_WARN_DOCUMENTATION_COMMENTS = YES;
				CLANG_WARN_EMPTY_BODY = YES;
				CLANG_WARN_ENUM_CONVERSION = YES;
				CLANG_WARN_INFINITE_RECURSION = YES;
				CLANG_WARN_INT_CONVERSION = YES;
				CLANG_WARN_NON_LITERAL_NULL_CONVERSION = YES;
				CLANG_WARN_OBJC_IMPLICIT_RETAIN_SELF = YES;
				CLANG_WARN_OBJC_LITERAL_CONVERSION = YES;
				CLANG_WARN_OBJC_ROOT_CLASS = YES_ERROR;
				CLANG_WARN_QUOTED_INCLUDE_IN_FRAMEWORK_HEADER = YES;
				CLANG_WARN_RANGE_LOOP_ANALYSIS = YES;
				CLANG_WARN_STRICT_PROTOTYPES = YES;
				CLANG_WARN_SUSPICIOUS_MOVE = YES;
				CLANG_WARN_UNGUARDED_AVAILABILITY = YES_AGGRESSIVE;
				CLANG_WARN_UNREACHABLE_CODE = YES;
				CLANG_WARN__DUPLICATE_METHOD_MATCH = YES;
				COPY_PHASE_STRIP = NO;
				DEBUG_INFORMATION_FORMAT = dwarf;
				ENABLE_STRICT_OBJC_MSGSEND = YES;
				ENABLE_TESTABILITY = YES;
				GCC_C_LANGUAGE_STANDARD = gnu11;
				GCC_DYNAMIC_NO_PIC = NO;
				GCC_NO_COMMON_BLOCKS = YES;
				GCC_OPTIMIZATION_LEVEL = 0;
				GCC_PREPROCESSOR_DEFINITIONS = (
					"DEBUG=1",
					"$(inherited)",
				);
				GCC_WARN_64_TO_32_BIT_CONVERSION = YES;
				GCC_WARN_ABOUT_RETURN_TYPE = YES_ERROR;
				GCC_WARN_UNDECLARED_SELECTOR = YES;
				GCC_WARN_UNINITIALIZED_AUTOS = YES_AGGRESSIVE;
				GCC_WARN_UNUSED_FUNCTION = YES;
				GCC_WARN_UNUSED_VARIABLE = YES;
				IPHONEOS_DEPLOYMENT_TARGET = 15.0;
				MTL_ENABLE_DEBUG_INFO = INCLUDE_SOURCE;
				MTL_FAST_MATH = YES;
				ONLY_ACTIVE_ARCH = YES;
				SDKROOT = iphoneos;
				SWIFT_ACTIVE_COMPILATION_CONDITIONS = DEBUG;
				SWIFT_OPTIMIZATION_LEVEL = "-Onone";
			};
			name = Debug;
		};
		D0862DA52768234200A54434 /* Release */ = {
			isa = XCBuildConfiguration;
			buildSettings = {
				ALWAYS_SEARCH_USER_PATHS = NO;
				CLANG_ANALYZER_NONNULL = YES;
				CLANG_ANALYZER_NUMBER_OBJECT_CONVERSION = YES_AGGRESSIVE;
				CLANG_CXX_LANGUAGE_STANDARD = "gnu++17";
				CLANG_CXX_LIBRARY = "libc++";
				CLANG_ENABLE_MODULES = YES;
				CLANG_ENABLE_OBJC_ARC = YES;
				CLANG_ENABLE_OBJC_WEAK = YES;
				CLANG_WARN_BLOCK_CAPTURE_AUTORELEASING = YES;
				CLANG_WARN_BOOL_CONVERSION = YES;
				CLANG_WARN_COMMA = YES;
				CLANG_WARN_CONSTANT_CONVERSION = YES;
				CLANG_WARN_DEPRECATED_OBJC_IMPLEMENTATIONS = YES;
				CLANG_WARN_DIRECT_OBJC_ISA_USAGE = YES_ERROR;
				CLANG_WARN_DOCUMENTATION_COMMENTS = YES;
				CLANG_WARN_EMPTY_BODY = YES;
				CLANG_WARN_ENUM_CONVERSION = YES;
				CLANG_WARN_INFINITE_RECURSION = YES;
				CLANG_WARN_INT_CONVERSION = YES;
				CLANG_WARN_NON_LITERAL_NULL_CONVERSION = YES;
				CLANG_WARN_OBJC_IMPLICIT_RETAIN_SELF = YES;
				CLANG_WARN_OBJC_LITERAL_CONVERSION = YES;
				CLANG_WARN_OBJC_ROOT_CLASS = YES_ERROR;
				CLANG_WARN_QUOTED_INCLUDE_IN_FRAMEWORK_HEADER = YES;
				CLANG_WARN_RANGE_LOOP_ANALYSIS = YES;
				CLANG_WARN_STRICT_PROTOTYPES = YES;
				CLANG_WARN_SUSPICIOUS_MOVE = YES;
				CLANG_WARN_UNGUARDED_AVAILABILITY = YES_AGGRESSIVE;
				CLANG_WARN_UNREACHABLE_CODE = YES;
				CLANG_WARN__DUPLICATE_METHOD_MATCH = YES;
				COPY_PHASE_STRIP = NO;
				DEBUG_INFORMATION_FORMAT = "dwarf-with-dsym";
				ENABLE_NS_ASSERTIONS = NO;
				ENABLE_STRICT_OBJC_MSGSEND = YES;
				GCC_C_LANGUAGE_STANDARD = gnu11;
				GCC_NO_COMMON_BLOCKS = YES;
				GCC_WARN_64_TO_32_BIT_CONVERSION = YES;
				GCC_WARN_ABOUT_RETURN_TYPE = YES_ERROR;
				GCC_WARN_UNDECLARED_SELECTOR = YES;
				GCC_WARN_UNINITIALIZED_AUTOS = YES_AGGRESSIVE;
				GCC_WARN_UNUSED_FUNCTION = YES;
				GCC_WARN_UNUSED_VARIABLE = YES;
				IPHONEOS_DEPLOYMENT_TARGET = 15.0;
				MTL_ENABLE_DEBUG_INFO = NO;
				MTL_FAST_MATH = YES;
				SDKROOT = iphoneos;
				SWIFT_COMPILATION_MODE = wholemodule;
				SWIFT_OPTIMIZATION_LEVEL = "-O";
				VALIDATE_PRODUCT = YES;
			};
			name = Release;
		};
		D0862DA72768234200A54434 /* Debug */ = {
			isa = XCBuildConfiguration;
			baseConfigurationReference = F383F044E2ED40AC798E5C20 /* Pods-FinalPrep.debug.xcconfig */;
			buildSettings = {
				ASSETCATALOG_COMPILER_APPICON_NAME = AppIcon;
				ASSETCATALOG_COMPILER_GLOBAL_ACCENT_COLOR_NAME = AccentColor;
				CODE_SIGN_STYLE = Automatic;
				CURRENT_PROJECT_VERSION = 1;
				DEVELOPMENT_ASSET_PATHS = "\"FinalPrep/Preview Content\"";
				DEVELOPMENT_TEAM = 6Y69L5C6ML;
				ENABLE_PREVIEWS = YES;
				GENERATE_INFOPLIST_FILE = YES;
				INFOPLIST_KEY_UIApplicationSceneManifest_Generation = YES;
				INFOPLIST_KEY_UIApplicationSupportsIndirectInputEvents = YES;
				INFOPLIST_KEY_UILaunchScreen_Generation = YES;
				INFOPLIST_KEY_UISupportedInterfaceOrientations_iPad = "UIInterfaceOrientationPortrait UIInterfaceOrientationPortraitUpsideDown UIInterfaceOrientationLandscapeLeft UIInterfaceOrientationLandscapeRight";
				INFOPLIST_KEY_UISupportedInterfaceOrientations_iPhone = "UIInterfaceOrientationPortrait UIInterfaceOrientationLandscapeLeft UIInterfaceOrientationLandscapeRight";
				IPHONEOS_DEPLOYMENT_TARGET = 14.0;
				LD_RUNPATH_SEARCH_PATHS = (
					"$(inherited)",
					"@executable_path/Frameworks",
				);
				MARKETING_VERSION = 1.0;
				PRODUCT_BUNDLE_IDENTIFIER = ljustint.FinalPrep;
				PRODUCT_NAME = "$(TARGET_NAME)";
				SWIFT_EMIT_LOC_STRINGS = YES;
				SWIFT_VERSION = 5.0;
				TARGETED_DEVICE_FAMILY = "1,2";
			};
			name = Debug;
		};
		D0862DA82768234200A54434 /* Release */ = {
			isa = XCBuildConfiguration;
			baseConfigurationReference = 4A4EAB4A5E6B6D064F270C82 /* Pods-FinalPrep.release.xcconfig */;
			buildSettings = {
				ASSETCATALOG_COMPILER_APPICON_NAME = AppIcon;
				ASSETCATALOG_COMPILER_GLOBAL_ACCENT_COLOR_NAME = AccentColor;
				CODE_SIGN_STYLE = Automatic;
				CURRENT_PROJECT_VERSION = 1;
				DEVELOPMENT_ASSET_PATHS = "\"FinalPrep/Preview Content\"";
				DEVELOPMENT_TEAM = 6Y69L5C6ML;
				ENABLE_PREVIEWS = YES;
				GENERATE_INFOPLIST_FILE = YES;
				INFOPLIST_KEY_UIApplicationSceneManifest_Generation = YES;
				INFOPLIST_KEY_UIApplicationSupportsIndirectInputEvents = YES;
				INFOPLIST_KEY_UILaunchScreen_Generation = YES;
				INFOPLIST_KEY_UISupportedInterfaceOrientations_iPad = "UIInterfaceOrientationPortrait UIInterfaceOrientationPortraitUpsideDown UIInterfaceOrientationLandscapeLeft UIInterfaceOrientationLandscapeRight";
				INFOPLIST_KEY_UISupportedInterfaceOrientations_iPhone = "UIInterfaceOrientationPortrait UIInterfaceOrientationLandscapeLeft UIInterfaceOrientationLandscapeRight";
				IPHONEOS_DEPLOYMENT_TARGET = 14.0;
				LD_RUNPATH_SEARCH_PATHS = (
					"$(inherited)",
					"@executable_path/Frameworks",
				);
				MARKETING_VERSION = 1.0;
				PRODUCT_BUNDLE_IDENTIFIER = ljustint.FinalPrep;
				PRODUCT_NAME = "$(TARGET_NAME)";
				SWIFT_EMIT_LOC_STRINGS = YES;
				SWIFT_VERSION = 5.0;
				TARGETED_DEVICE_FAMILY = "1,2";
			};
			name = Release;
		};
/* End XCBuildConfiguration section */

/* Begin XCConfigurationList section */
		D0862D932768233E00A54434 /* Build configuration list for PBXProject "FinalPrep" */ = {
			isa = XCConfigurationList;
			buildConfigurations = (
				D0862DA42768234200A54434 /* Debug */,
				D0862DA52768234200A54434 /* Release */,
			);
			defaultConfigurationIsVisible = 0;
			defaultConfigurationName = Release;
		};
		D0862DA62768234200A54434 /* Build configuration list for PBXNativeTarget "FinalPrep" */ = {
			isa = XCConfigurationList;
			buildConfigurations = (
				D0862DA72768234200A54434 /* Debug */,
				D0862DA82768234200A54434 /* Release */,
			);
			defaultConfigurationIsVisible = 0;
			defaultConfigurationName = Release;
		};
/* End XCConfigurationList section */
	};
	rootObject = D0862D902768233E00A54434 /* Project object */;
}
